
Microsoft Visual Studio Solution File, Format Version 12.00
# Visual Studio Version 16
VisualStudioVersion = 16.0.29709.97
MinimumVisualStudioVersion = 10.0.40219.1
Project("{FAE04EC0-301F-11D3-BF4B-00C04F79EFBC}") = "ShoppingBasketKata", "ShoppingBasketKata\ShoppingBasketKata.csproj", "{06DA9157-21D0-4FC3-B5A3-7E072D86BC66}"
EndProject
Project("{FAE04EC0-301F-11D3-BF4B-00C04F79EFBC}") = "ShoppingBasketKata.Tests", "ShoppingBasketKata.Tests\ShoppingBasketKata.Tests.csproj", "{4DC14882-6B1A-46CD-8B2A-A854A46E07AD}"
EndProject
Global
	GlobalSection(SolutionConfigurationPlatforms) = preSolution
		Debug|Any CPU = Debug|Any CPU
		Release|Any CPU = Release|Any CPU
	EndGlobalSection
	GlobalSection(ProjectConfigurationPlatforms) = postSolution
		{06DA9157-21D0-4FC3-B5A3-7E072D86BC66}.Debug|Any CPU.ActiveCfg = Debug|Any CPU
		{06DA9157-21D0-4FC3-B5A3-7E072D86BC66}.Debug|Any CPU.Build.0 = Debug|Any CPU
		{06DA9157-21D0-4FC3-B5A3-7E072D86BC66}.Release|Any CPU.ActiveCfg = Release|Any CPU
		{06DA9157-21D0-4FC3-B5A3-7E072D86BC66}.Release|Any CPU.Build.0 = Release|Any CPU
		{4DC14882-6B1A-46CD-8B2A-A854A46E07AD}.Debug|Any CPU.ActiveCfg = Debug|Any CPU
		{4DC14882-6B1A-46CD-8B2A-A854A46E07AD}.Debug|Any CPU.Build.0 = Debug|Any CPU
		{4DC14882-6B1A-46CD-8B2A-A854A46E07AD}.Release|Any CPU.ActiveCfg = Release|Any CPU
		{4DC14882-6B1A-46CD-8B2A-A854A46E07AD}.Release|Any CPU.Build.0 = Release|Any CPU
	EndGlobalSection
	GlobalSection(SolutionProperties) = preSolution
		HideSolutionNode = FALSE
	EndGlobalSection
	GlobalSection(ExtensibilityGlobals) = postSolution
		SolutionGuid = {614967F7-BAC5-495F-827A-D392444D59C4}
	EndGlobalSection
EndGlobal
